
Microsoft Visual Studio Solution File, Format Version 12.00
# Visual Studio Version 17
VisualStudioVersion = 17.13.35806.99 d17.13
MinimumVisualStudioVersion = 10.0.40219.1
Project("{FAE04EC0-301F-11D3-BF4B-00C04F79EFBC}") = "DemoAPI1", "DemoAPI1\DemoAPI1.csproj", "{E488322F-66AF-4623-9D31-C64ABEE4C03F}"
EndProject
Global
	GlobalSection(SolutionConfigurationPlatforms) = preSolution
		Debug|Any CPU = Debug|Any CPU
		Release|Any CPU = Release|Any CPU
	EndGlobalSection
	GlobalSection(ProjectConfigurationPlatforms) = postSolution
		{E488322F-66AF-4623-9D31-C64ABEE4C03F}.Debug|Any CPU.ActiveCfg = Debug|Any CPU
		{E488322F-66AF-4623-9D31-C64ABEE4C03F}.Debug|Any CPU.Build.0 = Debug|Any CPU
		{E488322F-66AF-4623-9D31-C64ABEE4C03F}.Release|Any CPU.ActiveCfg = Release|Any CPU
		{E488322F-66AF-4623-9D31-C64ABEE4C03F}.Release|Any CPU.Build.0 = Release|Any CPU
	EndGlobalSection
	GlobalSection(SolutionProperties) = preSolution
		HideSolutionNode = FALSE
	EndGlobalSection
	GlobalSection(ExtensibilityGlobals) = postSolution
		SolutionGuid = {4C58A650-325A-4B9F-B9C0-A960CA9EAA09}
	EndGlobalSection
EndGlobal
