
Microsoft Visual Studio Solution File, Format Version 12.00
# Visual Studio Version 17
VisualStudioVersion = 17.13.35806.99 d17.13
MinimumVisualStudioVersion = 10.0.40219.1
Project("{FAE04EC0-301F-11D3-BF4B-00C04F79EFBC}") = "PropertiesDemo", "PropertiesDemo\PropertiesDemo.csproj", "{5EFCE1FD-C67C-4206-8B6E-19C565B5EF56}"
EndProject
Global
	GlobalSection(SolutionConfigurationPlatforms) = preSolution
		Debug|Any CPU = Debug|Any CPU
		Release|Any CPU = Release|Any CPU
	EndGlobalSection
	GlobalSection(ProjectConfigurationPlatforms) = postSolution
		{5EFCE1FD-C67C-4206-8B6E-19C565B5EF56}.Debug|Any CPU.ActiveCfg = Debug|Any CPU
		{5EFCE1FD-C67C-4206-8B6E-19C565B5EF56}.Debug|Any CPU.Build.0 = Debug|Any CPU
		{5EFCE1FD-C67C-4206-8B6E-19C565B5EF56}.Release|Any CPU.ActiveCfg = Release|Any CPU
		{5EFCE1FD-C67C-4206-8B6E-19C565B5EF56}.Release|Any CPU.Build.0 = Release|Any CPU
	EndGlobalSection
	GlobalSection(SolutionProperties) = preSolution
		HideSolutionNode = FALSE
	EndGlobalSection
	GlobalSection(ExtensibilityGlobals) = postSolution
		SolutionGuid = {779A0F02-60A2-4AEB-998E-8D9FDAE1B2C5}
	EndGlobalSection
EndGlobal
