
Microsoft Visual Studio Solution File, Format Version 12.00
# Visual Studio Version 17
VisualStudioVersion = 17.13.35806.99 d17.13
MinimumVisualStudioVersion = 10.0.40219.1
Project("{FAE04EC0-301F-11D3-BF4B-00C04F79EFBC}") = "Encapsulation", "Encapsulation\Encapsulation.csproj", "{0CAE35D9-5312-4630-8F60-0CA7EA308CCA}"
EndProject
Global
	GlobalSection(SolutionConfigurationPlatforms) = preSolution
		Debug|Any CPU = Debug|Any CPU
		Release|Any CPU = Release|Any CPU
	EndGlobalSection
	GlobalSection(ProjectConfigurationPlatforms) = postSolution
		{0CAE35D9-5312-4630-8F60-0CA7EA308CCA}.Debug|Any CPU.ActiveCfg = Debug|Any CPU
		{0CAE35D9-5312-4630-8F60-0CA7EA308CCA}.Debug|Any CPU.Build.0 = Debug|Any CPU
		{0CAE35D9-5312-4630-8F60-0CA7EA308CCA}.Release|Any CPU.ActiveCfg = Release|Any CPU
		{0CAE35D9-5312-4630-8F60-0CA7EA308CCA}.Release|Any CPU.Build.0 = Release|Any CPU
	EndGlobalSection
	GlobalSection(SolutionProperties) = preSolution
		HideSolutionNode = FALSE
	EndGlobalSection
	GlobalSection(ExtensibilityGlobals) = postSolution
		SolutionGuid = {2D371D8E-31FB-46CA-92E1-FB2D87397226}
	EndGlobalSection
EndGlobal
